// !$*UTF8*$!
{
	archiveVersion = 1;
	classes = {
	};
	objectVersion = 56;
	objects = {

/* Begin PBXBuildFile section */
		FA564ADE2BB4492000FFB8C6 /* AppDelegate.swift in Sources */ = {isa = PBXBuildFile; fileRef = FA564ADD2BB4492000FFB8C6 /* AppDelegate.swift */; };
		FA564AE02BB4492000FFB8C6 /* SceneDelegate.swift in Sources */ = {isa = PBXBuildFile; fileRef = FA564ADF2BB4492000FFB8C6 /* SceneDelegate.swift */; };
		FA564AE22BB4492000FFB8C6 /* ViewController.swift in Sources */ = {isa = PBXBuildFile; fileRef = FA564AE12BB4492000FFB8C6 /* ViewController.swift */; };
		FA564AE52BB4492000FFB8C6 /* Base in Resources */ = {isa = PBXBuildFile; fileRef = FA564AE42BB4492000FFB8C6 /* Base */; };
		FA564AE72BB4492400FFB8C6 /* Assets.xcassets in Resources */ = {isa = PBXBuildFile; fileRef = FA564AE62BB4492400FFB8C6 /* Assets.xcassets */; };
		FA564AEA2BB4492400FFB8C6 /* Base in Resources */ = {isa = PBXBuildFile; fileRef = FA564AE92BB4492400FFB8C6 /* Base */; };
		FA564AF32BB4498800FFB8C6 /* SnapKit in Frameworks */ = {isa = PBXBuildFile; productRef = FA564AF22BB4498800FFB8C6 /* SnapKit */; };
		FA564AF62BB4499800FFB8C6 /* RxCocoa in Frameworks */ = {isa = PBXBuildFile; productRef = FA564AF52BB4499800FFB8C6 /* RxCocoa */; };
		FA564AF82BB4499800FFB8C6 /* RxSwift in Frameworks */ = {isa = PBXBuildFile; productRef = FA564AF72BB4499800FFB8C6 /* RxSwift */; };
		FA564AFC2BB44A6500FFB8C6 /* BaseViewController.swift in Sources */ = {isa = PBXBuildFile; fileRef = FA564AFB2BB44A6500FFB8C6 /* BaseViewController.swift */; };
		FA564AFE2BB44AA000FFB8C6 /* RxTableViewController.swift in Sources */ = {isa = PBXBuildFile; fileRef = FA564AFD2BB44AA000FFB8C6 /* RxTableViewController.swift */; };
		FA564B002BB4511800FFB8C6 /* RxPickerViewController.swift in Sources */ = {isa = PBXBuildFile; fileRef = FA564AFF2BB4511800FFB8C6 /* RxPickerViewController.swift */; };
		FA564B022BB4556100FFB8C6 /* RxNumbersViewController.swift in Sources */ = {isa = PBXBuildFile; fileRef = FA564B012BB4556100FFB8C6 /* RxNumbersViewController.swift */; };
		FA564B042BB4930E00FFB8C6 /* RxSimpleValidationViewController.swift in Sources */ = {isa = PBXBuildFile; fileRef = FA564B032BB4930E00FFB8C6 /* RxSimpleValidationViewController.swift */; };
/* End PBXBuildFile section */

/* Begin PBXFileReference section */
		FA564ADA2BB4492000FFB8C6 /* RxSwiftStudy.app */ = {isa = PBXFileReference; explicitFileType = wrapper.application; includeInIndex = 0; path = RxSwiftStudy.app; sourceTree = BUILT_PRODUCTS_DIR; };
		FA564ADD2BB4492000FFB8C6 /* AppDelegate.swift */ = {isa = PBXFileReference; lastKnownFileType = sourcecode.swift; path = AppDelegate.swift; sourceTree = "<group>"; };
		FA564ADF2BB4492000FFB8C6 /* SceneDelegate.swift */ = {isa = PBXFileReference; lastKnownFileType = sourcecode.swift; path = SceneDelegate.swift; sourceTree = "<group>"; };
		FA564AE12BB4492000FFB8C6 /* ViewController.swift */ = {isa = PBXFileReference; lastKnownFileType = sourcecode.swift; path = ViewController.swift; sourceTree = "<group>"; };
		FA564AE42BB4492000FFB8C6 /* Base */ = {isa = PBXFileReference; lastKnownFileType = file.storyboard; name = Base; path = Base.lproj/Main.storyboard; sourceTree = "<group>"; };
		FA564AE62BB4492400FFB8C6 /* Assets.xcassets */ = {isa = PBXFileReference; lastKnownFileType = folder.assetcatalog; path = Assets.xcassets; sourceTree = "<group>"; };
		FA564AE92BB4492400FFB8C6 /* Base */ = {isa = PBXFileReference; lastKnownFileType = file.storyboard; name = Base; path = Base.lproj/LaunchScreen.storyboard; sourceTree = "<group>"; };
		FA564AEB2BB4492400FFB8C6 /* Info.plist */ = {isa = PBXFileReference; lastKnownFileType = text.plist.xml; path = Info.plist; sourceTree = "<group>"; };
		FA564AFB2BB44A6500FFB8C6 /* BaseViewController.swift */ = {isa = PBXFileReference; lastKnownFileType = sourcecode.swift; path = BaseViewController.swift; sourceTree = "<group>"; };
		FA564AFD2BB44AA000FFB8C6 /* RxTableViewController.swift */ = {isa = PBXFileReference; lastKnownFileType = sourcecode.swift; path = RxTableViewController.swift; sourceTree = "<group>"; };
		FA564AFF2BB4511800FFB8C6 /* RxPickerViewController.swift */ = {isa = PBXFileReference; lastKnownFileType = sourcecode.swift; path = RxPickerViewController.swift; sourceTree = "<group>"; };
		FA564B012BB4556100FFB8C6 /* RxNumbersViewController.swift */ = {isa = PBXFileReference; lastKnownFileType = sourcecode.swift; path = RxNumbersViewController.swift; sourceTree = "<group>"; };
		FA564B032BB4930E00FFB8C6 /* RxSimpleValidationViewController.swift */ = {isa = PBXFileReference; lastKnownFileType = sourcecode.swift; path = RxSimpleValidationViewController.swift; sourceTree = "<group>"; };
/* End PBXFileReference section */

/* Begin PBXFrameworksBuildPhase section */
		FA564AD72BB4492000FFB8C6 /* Frameworks */ = {
			isa = PBXFrameworksBuildPhase;
			buildActionMask = 2147483647;
			files = (
				FA564AF82BB4499800FFB8C6 /* RxSwift in Frameworks */,
				FA564AF62BB4499800FFB8C6 /* RxCocoa in Frameworks */,
				FA564AF32BB4498800FFB8C6 /* SnapKit in Frameworks */,
			);
			runOnlyForDeploymentPostprocessing = 0;
		};
/* End PBXFrameworksBuildPhase section */

/* Begin PBXGroup section */
		FA564AD12BB4492000FFB8C6 = {
			isa = PBXGroup;
			children = (
				FA564ADC2BB4492000FFB8C6 /* RxSwiftStudy */,
				FA564ADB2BB4492000FFB8C6 /* Products */,
			);
			sourceTree = "<group>";
		};
		FA564ADB2BB4492000FFB8C6 /* Products */ = {
			isa = PBXGroup;
			children = (
				FA564ADA2BB4492000FFB8C6 /* RxSwiftStudy.app */,
			);
			name = Products;
			sourceTree = "<group>";
		};
		FA564ADC2BB4492000FFB8C6 /* RxSwiftStudy */ = {
			isa = PBXGroup;
			children = (
				FA564AF92BB449A000FFB8C6 /* Base */,
				FA564AFA2BB449B800FFB8C6 /* RxSwift */,
				FA564ADD2BB4492000FFB8C6 /* AppDelegate.swift */,
				FA564ADF2BB4492000FFB8C6 /* SceneDelegate.swift */,
				FA564AE12BB4492000FFB8C6 /* ViewController.swift */,
				FA564AE32BB4492000FFB8C6 /* Main.storyboard */,
				FA564AE62BB4492400FFB8C6 /* Assets.xcassets */,
				FA564AE82BB4492400FFB8C6 /* LaunchScreen.storyboard */,
				FA564AEB2BB4492400FFB8C6 /* Info.plist */,
			);
			path = RxSwiftStudy;
			sourceTree = "<group>";
		};
		FA564AF92BB449A000FFB8C6 /* Base */ = {
			isa = PBXGroup;
			children = (
				FA564AFB2BB44A6500FFB8C6 /* BaseViewController.swift */,
			);
			path = Base;
			sourceTree = "<group>";
		};
		FA564AFA2BB449B800FFB8C6 /* RxSwift */ = {
			isa = PBXGroup;
			children = (
				FA564AFD2BB44AA000FFB8C6 /* RxTableViewController.swift */,
				FA564AFF2BB4511800FFB8C6 /* RxPickerViewController.swift */,
				FA564B012BB4556100FFB8C6 /* RxNumbersViewController.swift */,
				FA564B032BB4930E00FFB8C6 /* RxSimpleValidationViewController.swift */,
			);
			path = RxSwift;
			sourceTree = "<group>";
		};
/* End PBXGroup section */

/* Begin PBXNativeTarget section */
		FA564AD92BB4492000FFB8C6 /* RxSwiftStudy */ = {
			isa = PBXNativeTarget;
			buildConfigurationList = FA564AEE2BB4492400FFB8C6 /* Build configuration list for PBXNativeTarget "RxSwiftStudy" */;
			buildPhases = (
				FA564AD62BB4492000FFB8C6 /* Sources */,
				FA564AD72BB4492000FFB8C6 /* Frameworks */,
				FA564AD82BB4492000FFB8C6 /* Resources */,
			);
			buildRules = (
			);
			dependencies = (
			);
			name = RxSwiftStudy;
			packageProductDependencies = (
				FA564AF22BB4498800FFB8C6 /* SnapKit */,
				FA564AF52BB4499800FFB8C6 /* RxCocoa */,
				FA564AF72BB4499800FFB8C6 /* RxSwift */,
			);
			productName = RxSwiftStudy;
			productReference = FA564ADA2BB4492000FFB8C6 /* RxSwiftStudy.app */;
			productType = "com.apple.product-type.application";
		};
/* End PBXNativeTarget section */

/* Begin PBXProject section */
		FA564AD22BB4492000FFB8C6 /* Project object */ = {
			isa = PBXProject;
			attributes = {
				BuildIndependentTargetsInParallel = 1;
				LastSwiftUpdateCheck = 1530;
				LastUpgradeCheck = 1530;
				TargetAttributes = {
					FA564AD92BB4492000FFB8C6 = {
						CreatedOnToolsVersion = 15.3;
					};
				};
			};
			buildConfigurationList = FA564AD52BB4492000FFB8C6 /* Build configuration list for PBXProject "RxSwiftStudy" */;
			compatibilityVersion = "Xcode 14.0";
			developmentRegion = en;
			hasScannedForEncodings = 0;
			knownRegions = (
				en,
				Base,
			);
			mainGroup = FA564AD12BB4492000FFB8C6;
			packageReferences = (
				FA564AF12BB4498800FFB8C6 /* XCRemoteSwiftPackageReference "SnapKit" */,
				FA564AF42BB4499800FFB8C6 /* XCRemoteSwiftPackageReference "RxSwift" */,
			);
			productRefGroup = FA564ADB2BB4492000FFB8C6 /* Products */;
			projectDirPath = "";
			projectRoot = "";
			targets = (
				FA564AD92BB4492000FFB8C6 /* RxSwiftStudy */,
			);
		};
/* End PBXProject section */

/* Begin PBXResourcesBuildPhase section */
		FA564AD82BB4492000FFB8C6 /* Resources */ = {
			isa = PBXResourcesBuildPhase;
			buildActionMask = 2147483647;
			files = (
				FA564AE72BB4492400FFB8C6 /* Assets.xcassets in Resources */,
				FA564AEA2BB4492400FFB8C6 /* Base in Resources */,
				FA564AE52BB4492000FFB8C6 /* Base in Resources */,
			);
			runOnlyForDeploymentPostprocessing = 0;
		};
/* End PBXResourcesBuildPhase section */

/* Begin PBXSourcesBuildPhase section */
		FA564AD62BB4492000FFB8C6 /* Sources */ = {
			isa = PBXSourcesBuildPhase;
			buildActionMask = 2147483647;
			files = (
				FA564AE22BB4492000FFB8C6 /* ViewController.swift in Sources */,
				FA564B022BB4556100FFB8C6 /* RxNumbersViewController.swift in Sources */,
				FA564AFC2BB44A6500FFB8C6 /* BaseViewController.swift in Sources */,
				FA564B002BB4511800FFB8C6 /* RxPickerViewController.swift in Sources */,
				FA564ADE2BB4492000FFB8C6 /* AppDelegate.swift in Sources */,
				FA564AFE2BB44AA000FFB8C6 /* RxTableViewController.swift in Sources */,
				FA564AE02BB4492000FFB8C6 /* SceneDelegate.swift in Sources */,
				FA564B042BB4930E00FFB8C6 /* RxSimpleValidationViewController.swift in Sources */,
			);
			runOnlyForDeploymentPostprocessing = 0;
		};
/* End PBXSourcesBuildPhase section */

/* Begin PBXVariantGroup section */
		FA564AE32BB4492000FFB8C6 /* Main.storyboard */ = {
			isa = PBXVariantGroup;
			children = (
				FA564AE42BB4492000FFB8C6 /* Base */,
			);
			name = Main.storyboard;
			sourceTree = "<group>";
		};
		FA564AE82BB4492400FFB8C6 /* LaunchScreen.storyboard */ = {
			isa = PBXVariantGroup;
			children = (
				FA564AE92BB4492400FFB8C6 /* Base */,
			);
			name = LaunchScreen.storyboard;
			sourceTree = "<group>";
		};
/* End PBXVariantGroup section */

/* Begin XCBuildConfiguration section */
		FA564AEC2BB4492400FFB8C6 /* Debug */ = {
			isa = XCBuildConfiguration;
			buildSettings = {
				ALWAYS_SEARCH_USER_PATHS = NO;
				ASSETCATALOG_COMPILER_GENERATE_SWIFT_ASSET_SYMBOL_EXTENSIONS = YES;
				CLANG_ANALYZER_NONNULL = YES;
				CLANG_ANALYZER_NUMBER_OBJECT_CONVERSION = YES_AGGRESSIVE;
				CLANG_CXX_LANGUAGE_STANDARD = "gnu++20";
				CLANG_ENABLE_MODULES = YES;
				CLANG_ENABLE_OBJC_ARC = YES;
				CLANG_ENABLE_OBJC_WEAK = YES;
				CLANG_WARN_BLOCK_CAPTURE_AUTORELEASING = YES;
				CLANG_WARN_BOOL_CONVERSION = YES;
				CLANG_WARN_COMMA = YES;
				CLANG_WARN_CONSTANT_CONVERSION = YES;
				CLANG_WARN_DEPRECATED_OBJC_IMPLEMENTATIONS = YES;
				CLANG_WARN_DIRECT_OBJC_ISA_USAGE = YES_ERROR;
				CLANG_WARN_DOCUMENTATION_COMMENTS = YES;
				CLANG_WARN_EMPTY_BODY = YES;
				CLANG_WARN_ENUM_CONVERSION = YES;
				CLANG_WARN_INFINITE_RECURSION = YES;
				CLANG_WARN_INT_CONVERSION = YES;
				CLANG_WARN_NON_LITERAL_NULL_CONVERSION = YES;
				CLANG_WARN_OBJC_IMPLICIT_RETAIN_SELF = YES;
				CLANG_WARN_OBJC_LITERAL_CONVERSION = YES;
				CLANG_WARN_OBJC_ROOT_CLASS = YES_ERROR;
				CLANG_WARN_QUOTED_INCLUDE_IN_FRAMEWORK_HEADER = YES;
				CLANG_WARN_RANGE_LOOP_ANALYSIS = YES;
				CLANG_WARN_STRICT_PROTOTYPES = YES;
				CLANG_WARN_SUSPICIOUS_MOVE = YES;
				CLANG_WARN_UNGUARDED_AVAILABILITY = YES_AGGRESSIVE;
				CLANG_WARN_UNREACHABLE_CODE = YES;
				CLANG_WARN__DUPLICATE_METHOD_MATCH = YES;
				COPY_PHASE_STRIP = NO;
				DEBUG_INFORMATION_FORMAT = dwarf;
				ENABLE_STRICT_OBJC_MSGSEND = YES;
				ENABLE_TESTABILITY = YES;
				ENABLE_USER_SCRIPT_SANDBOXING = YES;
				GCC_C_LANGUAGE_STANDARD = gnu17;
				GCC_DYNAMIC_NO_PIC = NO;
				GCC_NO_COMMON_BLOCKS = YES;
				GCC_OPTIMIZATION_LEVEL = 0;
				GCC_PREPROCESSOR_DEFINITIONS = (
					"DEBUG=1",
					"$(inherited)",
				);
				GCC_WARN_64_TO_32_BIT_CONVERSION = YES;
				GCC_WARN_ABOUT_RETURN_TYPE = YES_ERROR;
				GCC_WARN_UNDECLARED_SELECTOR = YES;
				GCC_WARN_UNINITIALIZED_AUTOS = YES_AGGRESSIVE;
				GCC_WARN_UNUSED_FUNCTION = YES;
				GCC_WARN_UNUSED_VARIABLE = YES;
				IPHONEOS_DEPLOYMENT_TARGET = 17.4;
				LOCALIZATION_PREFERS_STRING_CATALOGS = YES;
				MTL_ENABLE_DEBUG_INFO = INCLUDE_SOURCE;
				MTL_FAST_MATH = YES;
				ONLY_ACTIVE_ARCH = YES;
				SDKROOT = iphoneos;
				SWIFT_ACTIVE_COMPILATION_CONDITIONS = "DEBUG $(inherited)";
				SWIFT_OPTIMIZATION_LEVEL = "-Onone";
			};
			name = Debug;
		};
		FA564AED2BB4492400FFB8C6 /* Release */ = {
			isa = XCBuildConfiguration;
			buildSettings = {
				ALWAYS_SEARCH_USER_PATHS = NO;
				ASSETCATALOG_COMPILER_GENERATE_SWIFT_ASSET_SYMBOL_EXTENSIONS = YES;
				CLANG_ANALYZER_NONNULL = YES;
				CLANG_ANALYZER_NUMBER_OBJECT_CONVERSION = YES_AGGRESSIVE;
				CLANG_CXX_LANGUAGE_STANDARD = "gnu++20";
				CLANG_ENABLE_MODULES = YES;
				CLANG_ENABLE_OBJC_ARC = YES;
				CLANG_ENABLE_OBJC_WEAK = YES;
				CLANG_WARN_BLOCK_CAPTURE_AUTORELEASING = YES;
				CLANG_WARN_BOOL_CONVERSION = YES;
				CLANG_WARN_COMMA = YES;
				CLANG_WARN_CONSTANT_CONVERSION = YES;
				CLANG_WARN_DEPRECATED_OBJC_IMPLEMENTATIONS = YES;
				CLANG_WARN_DIRECT_OBJC_ISA_USAGE = YES_ERROR;
				CLANG_WARN_DOCUMENTATION_COMMENTS = YES;
				CLANG_WARN_EMPTY_BODY = YES;
				CLANG_WARN_ENUM_CONVERSION = YES;
				CLANG_WARN_INFINITE_RECURSION = YES;
				CLANG_WARN_INT_CONVERSION = YES;
				CLANG_WARN_NON_LITERAL_NULL_CONVERSION = YES;
				CLANG_WARN_OBJC_IMPLICIT_RETAIN_SELF = YES;
				CLANG_WARN_OBJC_LITERAL_CONVERSION = YES;
				CLANG_WARN_OBJC_ROOT_CLASS = YES_ERROR;
				CLANG_WARN_QUOTED_INCLUDE_IN_FRAMEWORK_HEADER = YES;
				CLANG_WARN_RANGE_LOOP_ANALYSIS = YES;
				CLANG_WARN_STRICT_PROTOTYPES = YES;
				CLANG_WARN_SUSPICIOUS_MOVE = YES;
				CLANG_WARN_UNGUARDED_AVAILABILITY = YES_AGGRESSIVE;
				CLANG_WARN_UNREACHABLE_CODE = YES;
				CLANG_WARN__DUPLICATE_METHOD_MATCH = YES;
				COPY_PHASE_STRIP = NO;
				DEBUG_INFORMATION_FORMAT = "dwarf-with-dsym";
				ENABLE_NS_ASSERTIONS = NO;
				ENABLE_STRICT_OBJC_MSGSEND = YES;
				ENABLE_USER_SCRIPT_SANDBOXING = YES;
				GCC_C_LANGUAGE_STANDARD = gnu17;
				GCC_NO_COMMON_BLOCKS = YES;
				GCC_WARN_64_TO_32_BIT_CONVERSION = YES;
				GCC_WARN_ABOUT_RETURN_TYPE = YES_ERROR;
				GCC_WARN_UNDECLARED_SELECTOR = YES;
				GCC_WARN_UNINITIALIZED_AUTOS = YES_AGGRESSIVE;
				GCC_WARN_UNUSED_FUNCTION = YES;
				GCC_WARN_UNUSED_VARIABLE = YES;
				IPHONEOS_DEPLOYMENT_TARGET = 17.4;
				LOCALIZATION_PREFERS_STRING_CATALOGS = YES;
				MTL_ENABLE_DEBUG_INFO = NO;
				MTL_FAST_MATH = YES;
				SDKROOT = iphoneos;
				SWIFT_COMPILATION_MODE = wholemodule;
				VALIDATE_PRODUCT = YES;
			};
			name = Release;
		};
		FA564AEF2BB4492400FFB8C6 /* Debug */ = {
			isa = XCBuildConfiguration;
			buildSettings = {
				ASSETCATALOG_COMPILER_APPICON_NAME = AppIcon;
				ASSETCATALOG_COMPILER_GLOBAL_ACCENT_COLOR_NAME = AccentColor;
				CODE_SIGN_STYLE = Automatic;
				CURRENT_PROJECT_VERSION = 1;
				DEVELOPMENT_TEAM = JJS82CC46U;
				GENERATE_INFOPLIST_FILE = YES;
				INFOPLIST_FILE = RxSwiftStudy/Info.plist;
				INFOPLIST_KEY_UIApplicationSupportsIndirectInputEvents = YES;
				INFOPLIST_KEY_UILaunchStoryboardName = LaunchScreen;
				INFOPLIST_KEY_UIMainStoryboardFile = Main;
				INFOPLIST_KEY_UISupportedInterfaceOrientations = UIInterfaceOrientationPortrait;
				INFOPLIST_KEY_UISupportedInterfaceOrientations_iPad = "UIInterfaceOrientationLandscapeLeft UIInterfaceOrientationLandscapeRight UIInterfaceOrientationPortrait UIInterfaceOrientationPortraitUpsideDown";
				LD_RUNPATH_SEARCH_PATHS = (
					"$(inherited)",
					"@executable_path/Frameworks",
				);
				MARKETING_VERSION = 1.0;
				PRODUCT_BUNDLE_IDENTIFIER = com.crisine.RxSwiftStudy;
				PRODUCT_NAME = "$(TARGET_NAME)";
				SUPPORTED_PLATFORMS = "iphoneos iphonesimulator";
				SUPPORTS_MACCATALYST = NO;
				SUPPORTS_MAC_DESIGNED_FOR_IPHONE_IPAD = NO;
				SUPPORTS_XR_DESIGNED_FOR_IPHONE_IPAD = NO;
				SWIFT_EMIT_LOC_STRINGS = YES;
				SWIFT_VERSION = 5.0;
				TARGETED_DEVICE_FAMILY = 1;
			};
			name = Debug;
		};
		FA564AF02BB4492400FFB8C6 /* Release */ = {
			isa = XCBuildConfiguration;
			buildSettings = {
				ASSETCATALOG_COMPILER_APPICON_NAME = AppIcon;
				ASSETCATALOG_COMPILER_GLOBAL_ACCENT_COLOR_NAME = AccentColor;
				CODE_SIGN_STYLE = Automatic;
				CURRENT_PROJECT_VERSION = 1;
				DEVELOPMENT_TEAM = JJS82CC46U;
				GENERATE_INFOPLIST_FILE = YES;
				INFOPLIST_FILE = RxSwiftStudy/Info.plist;
				INFOPLIST_KEY_UIApplicationSupportsIndirectInputEvents = YES;
				INFOPLIST_KEY_UILaunchStoryboardName = LaunchScreen;
				INFOPLIST_KEY_UIMainStoryboardFile = Main;
				INFOPLIST_KEY_UISupportedInterfaceOrientations = UIInterfaceOrientationPortrait;
				INFOPLIST_KEY_UISupportedInterfaceOrientations_iPad = "UIInterfaceOrientationLandscapeLeft UIInterfaceOrientationLandscapeRight UIInterfaceOrientationPortrait UIInterfaceOrientationPortraitUpsideDown";
				LD_RUNPATH_SEARCH_PATHS = (
					"$(inherited)",
					"@executable_path/Frameworks",
				);
				MARKETING_VERSION = 1.0;
				PRODUCT_BUNDLE_IDENTIFIER = com.crisine.RxSwiftStudy;
				PRODUCT_NAME = "$(TARGET_NAME)";
				SUPPORTED_PLATFORMS = "iphoneos iphonesimulator";
				SUPPORTS_MACCATALYST = NO;
				SUPPORTS_MAC_DESIGNED_FOR_IPHONE_IPAD = NO;
				SUPPORTS_XR_DESIGNED_FOR_IPHONE_IPAD = NO;
				SWIFT_EMIT_LOC_STRINGS = YES;
				SWIFT_VERSION = 5.0;
				TARGETED_DEVICE_FAMILY = 1;
			};
			name = Release;
		};
/* End XCBuildConfiguration section */

/* Begin XCConfigurationList section */
		FA564AD52BB4492000FFB8C6 /* Build configuration list for PBXProject "RxSwiftStudy" */ = {
			isa = XCConfigurationList;
			buildConfigurations = (
				FA564AEC2BB4492400FFB8C6 /* Debug */,
				FA564AED2BB4492400FFB8C6 /* Release */,
			);
			defaultConfigurationIsVisible = 0;
			defaultConfigurationName = Release;
		};
		FA564AEE2BB4492400FFB8C6 /* Build configuration list for PBXNativeTarget "RxSwiftStudy" */ = {
			isa = XCConfigurationList;
			buildConfigurations = (
				FA564AEF2BB4492400FFB8C6 /* Debug */,
				FA564AF02BB4492400FFB8C6 /* Release */,
			);
			defaultConfigurationIsVisible = 0;
			defaultConfigurationName = Release;
		};
/* End XCConfigurationList section */

/* Begin XCRemoteSwiftPackageReference section */
		FA564AF12BB4498800FFB8C6 /* XCRemoteSwiftPackageReference "SnapKit" */ = {
			isa = XCRemoteSwiftPackageReference;
			repositoryURL = "https://github.com/SnapKit/SnapKit.git";
			requirement = {
				kind = upToNextMajorVersion;
				minimumVersion = 5.7.1;
			};
		};
		FA564AF42BB4499800FFB8C6 /* XCRemoteSwiftPackageReference "RxSwift" */ = {
			isa = XCRemoteSwiftPackageReference;
			repositoryURL = "https://github.com/ReactiveX/RxSwift.git";
			requirement = {
				kind = upToNextMajorVersion;
				minimumVersion = 6.6.0;
			};
		};
/* End XCRemoteSwiftPackageReference section */

/* Begin XCSwiftPackageProductDependency section */
		FA564AF22BB4498800FFB8C6 /* SnapKit */ = {
			isa = XCSwiftPackageProductDependency;
			package = FA564AF12BB4498800FFB8C6 /* XCRemoteSwiftPackageReference "SnapKit" */;
			productName = SnapKit;
		};
		FA564AF52BB4499800FFB8C6 /* RxCocoa */ = {
			isa = XCSwiftPackageProductDependency;
			package = FA564AF42BB4499800FFB8C6 /* XCRemoteSwiftPackageReference "RxSwift" */;
			productName = RxCocoa;
		};
		FA564AF72BB4499800FFB8C6 /* RxSwift */ = {
			isa = XCSwiftPackageProductDependency;
			package = FA564AF42BB4499800FFB8C6 /* XCRemoteSwiftPackageReference "RxSwift" */;
			productName = RxSwift;
		};
/* End XCSwiftPackageProductDependency section */
	};
	rootObject = FA564AD22BB4492000FFB8C6 /* Project object */;
}
